
Microsoft Visual Studio Solution File, Format Version 12.00
# Visual Studio Version 16
VisualStudioVersion = 16.0.33328.57
MinimumVisualStudioVersion = 10.0.40219.1
Project("{FAE04EC0-301F-11D3-BF4B-00C04F79EFBC}") = "VirobLab01", "VirobLab01.csproj", "{DB384263-7149-4D64-B73E-294AA0A8669F}"
EndProject
Global
	GlobalSection(SolutionConfigurationPlatforms) = preSolution
		Debug|Any CPU = Debug|Any CPU
		Release|Any CPU = Release|Any CPU
	EndGlobalSection
	GlobalSection(ProjectConfigurationPlatforms) = postSolution
		{DB384263-7149-4D64-B73E-294AA0A8669F}.Debug|Any CPU.ActiveCfg = Debug|Any CPU
		{DB384263-7149-4D64-B73E-294AA0A8669F}.Debug|Any CPU.Build.0 = Debug|Any CPU
		{DB384263-7149-4D64-B73E-294AA0A8669F}.Release|Any CPU.ActiveCfg = Release|Any CPU
		{DB384263-7149-4D64-B73E-294AA0A8669F}.Release|Any CPU.Build.0 = Release|Any CPU
	EndGlobalSection
	GlobalSection(SolutionProperties) = preSolution
		HideSolutionNode = FALSE
	EndGlobalSection
	GlobalSection(ExtensibilityGlobals) = postSolution
		SolutionGuid = {7C830CBF-6660-4DBF-88B1-6ED70564687E}
	EndGlobalSection
EndGlobal
